
Microsoft Visual Studio Solution File, Format Version 12.00
# Visual Studio 15
VisualStudioVersion = 15.0.35319.79
MinimumVisualStudioVersion = 10.0.40219.1
Project("{FAE04EC0-301F-11D3-BF4B-00C04F79EFBC}") = "umlOtomobilveMotor", "umlOtomobilveMotor\umlOtomobilveMotor.csproj", "{A157DB33-7961-4FF0-9FD9-03B9AB1E5A41}"
EndProject
Global
	GlobalSection(SolutionConfigurationPlatforms) = preSolution
		Debug|Any CPU = Debug|Any CPU
		Release|Any CPU = Release|Any CPU
	EndGlobalSection
	GlobalSection(ProjectConfigurationPlatforms) = postSolution
		{A157DB33-7961-4FF0-9FD9-03B9AB1E5A41}.Debug|Any CPU.ActiveCfg = Debug|Any CPU
		{A157DB33-7961-4FF0-9FD9-03B9AB1E5A41}.Debug|Any CPU.Build.0 = Debug|Any CPU
		{A157DB33-7961-4FF0-9FD9-03B9AB1E5A41}.Release|Any CPU.ActiveCfg = Release|Any CPU
		{A157DB33-7961-4FF0-9FD9-03B9AB1E5A41}.Release|Any CPU.Build.0 = Release|Any CPU
	EndGlobalSection
	GlobalSection(SolutionProperties) = preSolution
		HideSolutionNode = FALSE
	EndGlobalSection
	GlobalSection(ExtensibilityGlobals) = postSolution
		SolutionGuid = {2926CF71-1532-4E5E-8531-B9F386639F67}
	EndGlobalSection
EndGlobal
