
Microsoft Visual Studio Solution File, Format Version 12.00
# Visual Studio 15
VisualStudioVersion = 15.0.35319.79
MinimumVisualStudioVersion = 10.0.40219.1
Project("{FAE04EC0-301F-11D3-BF4B-00C04F79EFBC}") = "umlYazarveKitapCiftYonlu", "umlYazarveKitapCiftYonlu\umlYazarveKitapCiftYonlu.csproj", "{25DEFF50-DD11-49A9-A493-A9AA84460E24}"
EndProject
Global
	GlobalSection(SolutionConfigurationPlatforms) = preSolution
		Debug|Any CPU = Debug|Any CPU
		Release|Any CPU = Release|Any CPU
	EndGlobalSection
	GlobalSection(ProjectConfigurationPlatforms) = postSolution
		{25DEFF50-DD11-49A9-A493-A9AA84460E24}.Debug|Any CPU.ActiveCfg = Debug|Any CPU
		{25DEFF50-DD11-49A9-A493-A9AA84460E24}.Debug|Any CPU.Build.0 = Debug|Any CPU
		{25DEFF50-DD11-49A9-A493-A9AA84460E24}.Release|Any CPU.ActiveCfg = Release|Any CPU
		{25DEFF50-DD11-49A9-A493-A9AA84460E24}.Release|Any CPU.Build.0 = Release|Any CPU
	EndGlobalSection
	GlobalSection(SolutionProperties) = preSolution
		HideSolutionNode = FALSE
	EndGlobalSection
	GlobalSection(ExtensibilityGlobals) = postSolution
		SolutionGuid = {F4212828-7CBE-4E45-91AE-A85E72E37447}
	EndGlobalSection
EndGlobal
