
Microsoft Visual Studio Solution File, Format Version 12.00
# Visual Studio 15
VisualStudioVersion = 15.0.35319.79
MinimumVisualStudioVersion = 10.0.40219.1
Project("{FAE04EC0-301F-11D3-BF4B-00C04F79EFBC}") = "umlDoktorveHasta", "umlDoktorveHasta\umlDoktorveHasta.csproj", "{41262128-E187-424B-BC04-FC157EA29A55}"
EndProject
Global
	GlobalSection(SolutionConfigurationPlatforms) = preSolution
		Debug|Any CPU = Debug|Any CPU
		Release|Any CPU = Release|Any CPU
	EndGlobalSection
	GlobalSection(ProjectConfigurationPlatforms) = postSolution
		{41262128-E187-424B-BC04-FC157EA29A55}.Debug|Any CPU.ActiveCfg = Debug|Any CPU
		{41262128-E187-424B-BC04-FC157EA29A55}.Debug|Any CPU.Build.0 = Debug|Any CPU
		{41262128-E187-424B-BC04-FC157EA29A55}.Release|Any CPU.ActiveCfg = Release|Any CPU
		{41262128-E187-424B-BC04-FC157EA29A55}.Release|Any CPU.Build.0 = Release|Any CPU
	EndGlobalSection
	GlobalSection(SolutionProperties) = preSolution
		HideSolutionNode = FALSE
	EndGlobalSection
	GlobalSection(ExtensibilityGlobals) = postSolution
		SolutionGuid = {F14C2E4C-E609-4190-A9C0-EC6F30DBCB82}
	EndGlobalSection
EndGlobal
