
Microsoft Visual Studio Solution File, Format Version 12.00
# Visual Studio 15
VisualStudioVersion = 15.0.35319.79
MinimumVisualStudioVersion = 10.0.40219.1
Project("{FAE04EC0-301F-11D3-BF4B-00C04F79EFBC}") = "umlYazarveKitap", "umlYazarveKitap\umlYazarveKitap.csproj", "{470B1F37-03DC-4A60-ADA4-607BBFCEA6EA}"
EndProject
Global
	GlobalSection(SolutionConfigurationPlatforms) = preSolution
		Debug|Any CPU = Debug|Any CPU
		Release|Any CPU = Release|Any CPU
	EndGlobalSection
	GlobalSection(ProjectConfigurationPlatforms) = postSolution
		{470B1F37-03DC-4A60-ADA4-607BBFCEA6EA}.Debug|Any CPU.ActiveCfg = Debug|Any CPU
		{470B1F37-03DC-4A60-ADA4-607BBFCEA6EA}.Debug|Any CPU.Build.0 = Debug|Any CPU
		{470B1F37-03DC-4A60-ADA4-607BBFCEA6EA}.Release|Any CPU.ActiveCfg = Release|Any CPU
		{470B1F37-03DC-4A60-ADA4-607BBFCEA6EA}.Release|Any CPU.Build.0 = Release|Any CPU
	EndGlobalSection
	GlobalSection(SolutionProperties) = preSolution
		HideSolutionNode = FALSE
	EndGlobalSection
	GlobalSection(ExtensibilityGlobals) = postSolution
		SolutionGuid = {22862E76-A1FE-424E-B62B-605BA750739F}
	EndGlobalSection
EndGlobal
