
Microsoft Visual Studio Solution File, Format Version 12.00
# Visual Studio 15
VisualStudioVersion = 15.0.35319.79
MinimumVisualStudioVersion = 10.0.40219.1
Project("{FAE04EC0-301F-11D3-BF4B-00C04F79EFBC}") = "umlSirketveCalisanDependency", "umlSirketveCalisanDependency\umlSirketveCalisanDependency.csproj", "{FF30F7B5-6E68-4BEF-B8D0-0C000043D738}"
EndProject
Global
	GlobalSection(SolutionConfigurationPlatforms) = preSolution
		Debug|Any CPU = Debug|Any CPU
		Release|Any CPU = Release|Any CPU
	EndGlobalSection
	GlobalSection(ProjectConfigurationPlatforms) = postSolution
		{FF30F7B5-6E68-4BEF-B8D0-0C000043D738}.Debug|Any CPU.ActiveCfg = Debug|Any CPU
		{FF30F7B5-6E68-4BEF-B8D0-0C000043D738}.Debug|Any CPU.Build.0 = Debug|Any CPU
		{FF30F7B5-6E68-4BEF-B8D0-0C000043D738}.Release|Any CPU.ActiveCfg = Release|Any CPU
		{FF30F7B5-6E68-4BEF-B8D0-0C000043D738}.Release|Any CPU.Build.0 = Release|Any CPU
	EndGlobalSection
	GlobalSection(SolutionProperties) = preSolution
		HideSolutionNode = FALSE
	EndGlobalSection
	GlobalSection(ExtensibilityGlobals) = postSolution
		SolutionGuid = {1F612909-EA2F-4773-9143-D1610CD5D2BB}
	EndGlobalSection
EndGlobal
